
Microsoft Visual Studio Solution File, Format Version 12.00
# Visual Studio 15
Project("{FAE04EC0-301F-11D3-BF4B-00C04F79EFBC}") = "Assembly-CSharp", "Assembly-CSharp.csproj", "{A49B5721-E6F8-17AA-8D4F-6CD00EBFB83B}"
EndProject
Global
	GlobalSection(SolutionConfigurationPlatforms) = preSolution
		Debug|Any CPU = Debug|Any CPU
		Release|Any CPU = Release|Any CPU
	EndGlobalSection
	GlobalSection(ProjectConfigurationPlatforms) = postSolution
		{A49B5721-E6F8-17AA-8D4F-6CD00EBFB83B}.Debug|Any CPU.ActiveCfg = Debug|Any CPU
		{A49B5721-E6F8-17AA-8D4F-6CD00EBFB83B}.Debug|Any CPU.Build.0 = Debug|Any CPU
		{A49B5721-E6F8-17AA-8D4F-6CD00EBFB83B}.Release|Any CPU.ActiveCfg = Release|Any CPU
		{A49B5721-E6F8-17AA-8D4F-6CD00EBFB83B}.Release|Any CPU.Build.0 = Release|Any CPU
	EndGlobalSection
	GlobalSection(SolutionProperties) = preSolution
		HideSolutionNode = FALSE
	EndGlobalSection
EndGlobal
